// !$*UTF8*$!
{
	archiveVersion = 1;
	classes = {
	};
	objectVersion = 50;
	objects = {

/* Begin PBXBuildFile section */
		C7086FD624795E9E00073B3C /* AppDelegate.swift in Sources */ = {isa = PBXBuildFile; fileRef = C7086FD524795E9E00073B3C /* AppDelegate.swift */; };
		C7086FD824795E9E00073B3C /* SceneDelegate.swift in Sources */ = {isa = PBXBuildFile; fileRef = C7086FD724795E9E00073B3C /* SceneDelegate.swift */; };
		C7086FDA24795E9E00073B3C /* ContentView.swift in Sources */ = {isa = PBXBuildFile; fileRef = C7086FD924795E9E00073B3C /* ContentView.swift */; };
		C7086FDC24795EA100073B3C /* Assets.xcassets in Resources */ = {isa = PBXBuildFile; fileRef = C7086FDB24795EA100073B3C /* Assets.xcassets */; };
		C7086FDF24795EA100073B3C /* Preview Assets.xcassets in Resources */ = {isa = PBXBuildFile; fileRef = C7086FDE24795EA100073B3C /* Preview Assets.xcassets */; };
		C7086FE224795EA100073B3C /* LaunchScreen.storyboard in Resources */ = {isa = PBXBuildFile; fileRef = C7086FE024795EA100073B3C /* LaunchScreen.storyboard */; };
		C793E81C247A60D0002A55DD /* FruitView.swift in Sources */ = {isa = PBXBuildFile; fileRef = C793E81B247A60D0002A55DD /* FruitView.swift */; };
/* End PBXBuildFile section */

/* Begin PBXFileReference section */
		C7086FD224795E9E00073B3C /* LottoSpinner.app */ = {isa = PBXFileReference; explicitFileType = wrapper.application; includeInIndex = 0; path = LottoSpinner.app; sourceTree = BUILT_PRODUCTS_DIR; };
		C7086FD524795E9E00073B3C /* AppDelegate.swift */ = {isa = PBXFileReference; lastKnownFileType = sourcecode.swift; path = AppDelegate.swift; sourceTree = "<group>"; };
		C7086FD724795E9E00073B3C /* SceneDelegate.swift */ = {isa = PBXFileReference; lastKnownFileType = sourcecode.swift; path = SceneDelegate.swift; sourceTree = "<group>"; };
		C7086FD924795E9E00073B3C /* ContentView.swift */ = {isa = PBXFileReference; lastKnownFileType = sourcecode.swift; path = ContentView.swift; sourceTree = "<group>"; };
		C7086FDB24795EA100073B3C /* Assets.xcassets */ = {isa = PBXFileReference; lastKnownFileType = folder.assetcatalog; path = Assets.xcassets; sourceTree = "<group>"; };
		C7086FDE24795EA100073B3C /* Preview Assets.xcassets */ = {isa = PBXFileReference; lastKnownFileType = folder.assetcatalog; path = "Preview Assets.xcassets"; sourceTree = "<group>"; };
		C7086FE124795EA100073B3C /* Base */ = {isa = PBXFileReference; lastKnownFileType = file.storyboard; name = Base; path = Base.lproj/LaunchScreen.storyboard; sourceTree = "<group>"; };
		C7086FE324795EA100073B3C /* Info.plist */ = {isa = PBXFileReference; lastKnownFileType = text.plist.xml; path = Info.plist; sourceTree = "<group>"; };
		C793E81B247A60D0002A55DD /* FruitView.swift */ = {isa = PBXFileReference; lastKnownFileType = sourcecode.swift; path = FruitView.swift; sourceTree = "<group>"; };
/* End PBXFileReference section */

/* Begin PBXFrameworksBuildPhase section */
		C7086FCF24795E9E00073B3C /* Frameworks */ = {
			isa = PBXFrameworksBuildPhase;
			buildActionMask = 2147483647;
			files = (
			);
			runOnlyForDeploymentPostprocessing = 0;
		};
/* End PBXFrameworksBuildPhase section */

/* Begin PBXGroup section */
		C7086FC924795E9E00073B3C = {
			isa = PBXGroup;
			children = (
				C7086FD424795E9E00073B3C /* LottoSpinner */,
				C7086FD324795E9E00073B3C /* Products */,
			);
			sourceTree = "<group>";
		};
		C7086FD324795E9E00073B3C /* Products */ = {
			isa = PBXGroup;
			children = (
				C7086FD224795E9E00073B3C /* LottoSpinner.app */,
			);
			name = Products;
			sourceTree = "<group>";
		};
		C7086FD424795E9E00073B3C /* LottoSpinner */ = {
			isa = PBXGroup;
			children = (
				C7086FD524795E9E00073B3C /* AppDelegate.swift */,
				C7086FD724795E9E00073B3C /* SceneDelegate.swift */,
				C7086FD924795E9E00073B3C /* ContentView.swift */,
				C793E81B247A60D0002A55DD /* FruitView.swift */,
				C7086FDB24795EA100073B3C /* Assets.xcassets */,
				C7086FE024795EA100073B3C /* LaunchScreen.storyboard */,
				C7086FE324795EA100073B3C /* Info.plist */,
				C7086FDD24795EA100073B3C /* Preview Content */,
			);
			path = LottoSpinner;
			sourceTree = "<group>";
		};
		C7086FDD24795EA100073B3C /* Preview Content */ = {
			isa = PBXGroup;
			children = (
				C7086FDE24795EA100073B3C /* Preview Assets.xcassets */,
			);
			path = "Preview Content";
			sourceTree = "<group>";
		};
/* End PBXGroup section */

/* Begin PBXNativeTarget section */
		C7086FD124795E9E00073B3C /* LottoSpinner */ = {
			isa = PBXNativeTarget;
			buildConfigurationList = C7086FE624795EA100073B3C /* Build configuration list for PBXNativeTarget "LottoSpinner" */;
			buildPhases = (
				C7086FCE24795E9E00073B3C /* Sources */,
				C7086FCF24795E9E00073B3C /* Frameworks */,
				C7086FD024795E9E00073B3C /* Resources */,
			);
			buildRules = (
			);
			dependencies = (
			);
			name = LottoSpinner;
			productName = LottoSpinner;
			productReference = C7086FD224795E9E00073B3C /* LottoSpinner.app */;
			productType = "com.apple.product-type.application";
		};
/* End PBXNativeTarget section */

/* Begin PBXProject section */
		C7086FCA24795E9E00073B3C /* Project object */ = {
			isa = PBXProject;
			attributes = {
				LastSwiftUpdateCheck = 1150;
				LastUpgradeCheck = 1150;
				ORGANIZATIONNAME = ranjet;
				TargetAttributes = {
					C7086FD124795E9E00073B3C = {
						CreatedOnToolsVersion = 11.5;
					};
				};
			};
			buildConfigurationList = C7086FCD24795E9E00073B3C /* Build configuration list for PBXProject "LottoSpinner" */;
			compatibilityVersion = "Xcode 9.3";
			developmentRegion = en;
			hasScannedForEncodings = 0;
			knownRegions = (
				en,
				Base,
			);
			mainGroup = C7086FC924795E9E00073B3C;
			productRefGroup = C7086FD324795E9E00073B3C /* Products */;
			projectDirPath = "";
			projectRoot = "";
			targets = (
				C7086FD124795E9E00073B3C /* LottoSpinner */,
			);
		};
/* End PBXProject section */

/* Begin PBXResourcesBuildPhase section */
		C7086FD024795E9E00073B3C /* Resources */ = {
			isa = PBXResourcesBuildPhase;
			buildActionMask = 2147483647;
			files = (
				C7086FE224795EA100073B3C /* LaunchScreen.storyboard in Resources */,
				C7086FDF24795EA100073B3C /* Preview Assets.xcassets in Resources */,
				C7086FDC24795EA100073B3C /* Assets.xcassets in Resources */,
			);
			runOnlyForDeploymentPostprocessing = 0;
		};
/* End PBXResourcesBuildPhase section */

/* Begin PBXSourcesBuildPhase section */
		C7086FCE24795E9E00073B3C /* Sources */ = {
			isa = PBXSourcesBuildPhase;
			buildActionMask = 2147483647;
			files = (
				C7086FD624795E9E00073B3C /* AppDelegate.swift in Sources */,
				C7086FD824795E9E00073B3C /* SceneDelegate.swift in Sources */,
				C7086FDA24795E9E00073B3C /* ContentView.swift in Sources */,
				C793E81C247A60D0002A55DD /* FruitView.swift in Sources */,
			);
			runOnlyForDeploymentPostprocessing = 0;
		};
/* End PBXSourcesBuildPhase section */

/* Begin PBXVariantGroup section */
		C7086FE024795EA100073B3C /* LaunchScreen.storyboard */ = {
			isa = PBXVariantGroup;
			children = (
				C7086FE124795EA100073B3C /* Base */,
			);
			name = LaunchScreen.storyboard;
			sourceTree = "<group>";
		};
/* End PBXVariantGroup section */

/* Begin XCBuildConfiguration section */
		C7086FE424795EA100073B3C /* Debug */ = {
			isa = XCBuildConfiguration;
			buildSettings = {
				ALWAYS_SEARCH_USER_PATHS = NO;
				CLANG_ANALYZER_NONNULL = YES;
				CLANG_ANALYZER_NUMBER_OBJECT_CONVERSION = YES_AGGRESSIVE;
				CLANG_CXX_LANGUAGE_STANDARD = "gnu++14";
				CLANG_CXX_LIBRARY = "libc++";
				CLANG_ENABLE_MODULES = YES;
				CLANG_ENABLE_OBJC_ARC = YES;
				CLANG_ENABLE_OBJC_WEAK = YES;
				CLANG_WARN_BLOCK_CAPTURE_AUTORELEASING = YES;
				CLANG_WARN_BOOL_CONVERSION = YES;
				CLANG_WARN_COMMA = YES;
				CLANG_WARN_CONSTANT_CONVERSION = YES;
				CLANG_WARN_DEPRECATED_OBJC_IMPLEMENTATIONS = YES;
				CLANG_WARN_DIRECT_OBJC_ISA_USAGE = YES_ERROR;
				CLANG_WARN_DOCUMENTATION_COMMENTS = YES;
				CLANG_WARN_EMPTY_BODY = YES;
				CLANG_WARN_ENUM_CONVERSION = YES;
				CLANG_WARN_INFINITE_RECURSION = YES;
				CLANG_WARN_INT_CONVERSION = YES;
				CLANG_WARN_NON_LITERAL_NULL_CONVERSION = YES;
				CLANG_WARN_OBJC_IMPLICIT_RETAIN_SELF = YES;
				CLANG_WARN_OBJC_LITERAL_CONVERSION = YES;
				CLANG_WARN_OBJC_ROOT_CLASS = YES_ERROR;
				CLANG_WARN_RANGE_LOOP_ANALYSIS = YES;
				CLANG_WARN_STRICT_PROTOTYPES = YES;
				CLANG_WARN_SUSPICIOUS_MOVE = YES;
				CLANG_WARN_UNGUARDED_AVAILABILITY = YES_AGGRESSIVE;
				CLANG_WARN_UNREACHABLE_CODE = YES;
				CLANG_WARN__DUPLICATE_METHOD_MATCH = YES;
				COPY_PHASE_STRIP = NO;
				DEBUG_INFORMATION_FORMAT = dwarf;
				ENABLE_STRICT_OBJC_MSGSEND = YES;
				ENABLE_TESTABILITY = YES;
				GCC_C_LANGUAGE_STANDARD = gnu11;
				GCC_DYNAMIC_NO_PIC = NO;
				GCC_NO_COMMON_BLOCKS = YES;
				GCC_OPTIMIZATION_LEVEL = 0;
				GCC_PREPROCESSOR_DEFINITIONS = (
					"DEBUG=1",
					"$(inherited)",
				);
				GCC_WARN_64_TO_32_BIT_CONVERSION = YES;
				GCC_WARN_ABOUT_RETURN_TYPE = YES_ERROR;
				GCC_WARN_UNDECLARED_SELECTOR = YES;
				GCC_WARN_UNINITIALIZED_AUTOS = YES_AGGRESSIVE;
				GCC_WARN_UNUSED_FUNCTION = YES;
				GCC_WARN_UNUSED_VARIABLE = YES;
				IPHONEOS_DEPLOYMENT_TARGET = 13.5;
				MTL_ENABLE_DEBUG_INFO = INCLUDE_SOURCE;
				MTL_FAST_MATH = YES;
				ONLY_ACTIVE_ARCH = YES;
				SDKROOT = iphoneos;
				SWIFT_ACTIVE_COMPILATION_CONDITIONS = DEBUG;
				SWIFT_OPTIMIZATION_LEVEL = "-Onone";
			};
			name = Debug;
		};
		C7086FE524795EA100073B3C /* Release */ = {
			isa = XCBuildConfiguration;
			buildSettings = {
				ALWAYS_SEARCH_USER_PATHS = NO;
				CLANG_ANALYZER_NONNULL = YES;
				CLANG_ANALYZER_NUMBER_OBJECT_CONVERSION = YES_AGGRESSIVE;
				CLANG_CXX_LANGUAGE_STANDARD = "gnu++14";
				CLANG_CXX_LIBRARY = "libc++";
				CLANG_ENABLE_MODULES = YES;
				CLANG_ENABLE_OBJC_ARC = YES;
				CLANG_ENABLE_OBJC_WEAK = YES;
				CLANG_WARN_BLOCK_CAPTURE_AUTORELEASING = YES;
				CLANG_WARN_BOOL_CONVERSION = YES;
				CLANG_WARN_COMMA = YES;
				CLANG_WARN_CONSTANT_CONVERSION = YES;
				CLANG_WARN_DEPRECATED_OBJC_IMPLEMENTATIONS = YES;
				CLANG_WARN_DIRECT_OBJC_ISA_USAGE = YES_ERROR;
				CLANG_WARN_DOCUMENTATION_COMMENTS = YES;
				CLANG_WARN_EMPTY_BODY = YES;
				CLANG_WARN_ENUM_CONVERSION = YES;
				CLANG_WARN_INFINITE_RECURSION = YES;
				CLANG_WARN_INT_CONVERSION = YES;
				CLANG_WARN_NON_LITERAL_NULL_CONVERSION = YES;
				CLANG_WARN_OBJC_IMPLICIT_RETAIN_SELF = YES;
				CLANG_WARN_OBJC_LITERAL_CONVERSION = YES;
				CLANG_WARN_OBJC_ROOT_CLASS = YES_ERROR;
				CLANG_WARN_RANGE_LOOP_ANALYSIS = YES;
				CLANG_WARN_STRICT_PROTOTYPES = YES;
				CLANG_WARN_SUSPICIOUS_MOVE = YES;
				CLANG_WARN_UNGUARDED_AVAILABILITY = YES_AGGRESSIVE;
				CLANG_WARN_UNREACHABLE_CODE = YES;
				CLANG_WARN__DUPLICATE_METHOD_MATCH = YES;
				COPY_PHASE_STRIP = NO;
				DEBUG_INFORMATION_FORMAT = "dwarf-with-dsym";
				ENABLE_NS_ASSERTIONS = NO;
				ENABLE_STRICT_OBJC_MSGSEND = YES;
				GCC_C_LANGUAGE_STANDARD = gnu11;
				GCC_NO_COMMON_BLOCKS = YES;
				GCC_WARN_64_TO_32_BIT_CONVERSION = YES;
				GCC_WARN_ABOUT_RETURN_TYPE = YES_ERROR;
				GCC_WARN_UNDECLARED_SELECTOR = YES;
				GCC_WARN_UNINITIALIZED_AUTOS = YES_AGGRESSIVE;
				GCC_WARN_UNUSED_FUNCTION = YES;
				GCC_WARN_UNUSED_VARIABLE = YES;
				IPHONEOS_DEPLOYMENT_TARGET = 13.5;
				MTL_ENABLE_DEBUG_INFO = NO;
				MTL_FAST_MATH = YES;
				SDKROOT = iphoneos;
				SWIFT_COMPILATION_MODE = wholemodule;
				SWIFT_OPTIMIZATION_LEVEL = "-O";
				VALIDATE_PRODUCT = YES;
			};
			name = Release;
		};
		C7086FE724795EA100073B3C /* Debug */ = {
			isa = XCBuildConfiguration;
			buildSettings = {
				ASSETCATALOG_COMPILER_APPICON_NAME = AppIcon;
				CODE_SIGN_STYLE = Automatic;
				DEVELOPMENT_ASSET_PATHS = "\"LottoSpinner/Preview Content\"";
				DEVELOPMENT_TEAM = 9B47L787QL;
				ENABLE_PREVIEWS = YES;
				INFOPLIST_FILE = LottoSpinner/Info.plist;
				IPHONEOS_DEPLOYMENT_TARGET = 13.0;
				LD_RUNPATH_SEARCH_PATHS = (
					"$(inherited)",
					"@executable_path/Frameworks",
				);
				PRODUCT_BUNDLE_IDENTIFIER = ranjetkumar.LottoSpinner;
				PRODUCT_NAME = "$(TARGET_NAME)";
				SWIFT_VERSION = 5.0;
				TARGETED_DEVICE_FAMILY = "1,2";
			};
			name = Debug;
		};
		C7086FE824795EA100073B3C /* Release */ = {
			isa = XCBuildConfiguration;
			buildSettings = {
				ASSETCATALOG_COMPILER_APPICON_NAME = AppIcon;
				CODE_SIGN_STYLE = Automatic;
				DEVELOPMENT_ASSET_PATHS = "\"LottoSpinner/Preview Content\"";
				DEVELOPMENT_TEAM = 9B47L787QL;
				ENABLE_PREVIEWS = YES;
				INFOPLIST_FILE = LottoSpinner/Info.plist;
				IPHONEOS_DEPLOYMENT_TARGET = 13.0;
				LD_RUNPATH_SEARCH_PATHS = (
					"$(inherited)",
					"@executable_path/Frameworks",
				);
				PRODUCT_BUNDLE_IDENTIFIER = ranjetkumar.LottoSpinner;
				PRODUCT_NAME = "$(TARGET_NAME)";
				SWIFT_VERSION = 5.0;
				TARGETED_DEVICE_FAMILY = "1,2";
			};
			name = Release;
		};
/* End XCBuildConfiguration section */

/* Begin XCConfigurationList section */
		C7086FCD24795E9E00073B3C /* Build configuration list for PBXProject "LottoSpinner" */ = {
			isa = XCConfigurationList;
			buildConfigurations = (
				C7086FE424795EA100073B3C /* Debug */,
				C7086FE524795EA100073B3C /* Release */,
			);
			defaultConfigurationIsVisible = 0;
			defaultConfigurationName = Release;
		};
		C7086FE624795EA100073B3C /* Build configuration list for PBXNativeTarget "LottoSpinner" */ = {
			isa = XCConfigurationList;
			buildConfigurations = (
				C7086FE724795EA100073B3C /* Debug */,
				C7086FE824795EA100073B3C /* Release */,
			);
			defaultConfigurationIsVisible = 0;
			defaultConfigurationName = Release;
		};
/* End XCConfigurationList section */
	};
	rootObject = C7086FCA24795E9E00073B3C /* Project object */;
}
